
Microsoft Visual Studio Solution File, Format Version 11.00
# Visual Studio 2010
Project("{2150E333-8FDC-42A3-9474-1A3956D46DE8}") = "DB Scripts", "DB Scripts", "{3A03BA71-D17C-400A-8147-B5A3A97CC2F1}"
	ProjectSection(SolutionItems) = preProject
		TestDB.sql = TestDB.sql
	EndProjectSection
EndProject
Project("{2150E333-8FDC-42A3-9474-1A3956D46DE8}") = "src", "src", "{30523764-A7D9-4037-9DA5-7355C56C2761}"
EndProject
Project("{2150E333-8FDC-42A3-9474-1A3956D46DE8}") = "tests", "tests", "{7B17ACFF-BF87-47C8-8D2C-6E6100699F00}"
EndProject
Project("{2150E333-8FDC-42A3-9474-1A3956D46DE8}") = "Solution Items", "Solution Items", "{BA1AA1F9-24F4-4734-A811-D54B7A7DCE13}"
	ProjectSection(SolutionItems) = preProject
		ncommon.snk = ncommon.snk
	EndProjectSection
EndProject
Project("{FAE04EC0-301F-11D3-BF4B-00C04F79EFBC}") = "NCommon", "NCommon\src\NCommon.csproj", "{C853736D-3576-468A-A716-ACEC1CD4FAC1}"
EndProject
Project("{FAE04EC0-301F-11D3-BF4B-00C04F79EFBC}") = "NCommon.EntityFramework", "NCommon.EntityFramework\src\NCommon.EntityFramework.csproj", "{98FB0800-6605-4FD9-9948-36D11C744881}"
EndProject
Project("{FAE04EC0-301F-11D3-BF4B-00C04F79EFBC}") = "NCommon.LinqToSql", "NCommon.LinqToSql\src\NCommon.LinqToSql.csproj", "{2781A661-3EA8-4917-B043-F3193FB0F7C8}"
EndProject
Project("{FAE04EC0-301F-11D3-BF4B-00C04F79EFBC}") = "NCommon.NHibernate", "NCommon.NHibernate\src\NCommon.NHibernate.csproj", "{01A6D2F9-C34E-4D87-BE7A-4F36A78BED66}"
EndProject
Project("{FAE04EC0-301F-11D3-BF4B-00C04F79EFBC}") = "NCommon.Tests", "NCommon\tests\NCommon.Tests.csproj", "{0F54234D-745A-46F3-B813-ED99C1498633}"
EndProject
Project("{FAE04EC0-301F-11D3-BF4B-00C04F79EFBC}") = "NCommon.Db4o", "NCommon.Db4o\src\NCommon.Db4o.csproj", "{715AB4B8-0F34-4AA0-B842-BCF2A4270B5F}"
EndProject
Project("{FAE04EC0-301F-11D3-BF4B-00C04F79EFBC}") = "NCommon.Db4o.Tests", "NCommon.Db4o\tests\NCommon.Db4o.Tests.csproj", "{7B0486B6-74A0-48FD-B27C-E6704D4F739F}"
EndProject
Project("{2150E333-8FDC-42A3-9474-1A3956D46DE8}") = "NCommon.NHibernate", "NCommon.NHibernate", "{A058C18F-CC45-4576-85D6-BC051A90CF6A}"
EndProject
Project("{FAE04EC0-301F-11D3-BF4B-00C04F79EFBC}") = "NCommon.NHibernate.Tests", "NCommon.NHibernate\tests\NCommon.NHibernate.Tests\NCommon.NHibernate.Tests.csproj", "{96B9D9DE-3389-4FBF-A552-C09434E27329}"
EndProject
Project("{FAE04EC0-301F-11D3-BF4B-00C04F79EFBC}") = "NCommon.NHibernate.Tests.OrdersDomain", "NCommon.NHibernate\tests\NCommon.NHibernate.Tests.OrdersDomain\NCommon.NHibernate.Tests.OrdersDomain.csproj", "{6FE3005E-FFA1-4DE7-BC47-995D53CFB9CB}"
EndProject
Project("{FAE04EC0-301F-11D3-BF4B-00C04F79EFBC}") = "NCommon.NHibernate.Tests.HRDomain", "NCommon.NHibernate\tests\NCommon.NHibernate.Tests.HRDomain\NCommon.NHibernate.Tests.HRDomain.csproj", "{0CB980C0-269C-4A52-9E15-1226B343AD5E}"
EndProject
Project("{2150E333-8FDC-42A3-9474-1A3956D46DE8}") = "ContainerAdapters", "ContainerAdapters", "{DA9D4F8A-A031-4DB8-9039-33FEDE673DC4}"
EndProject
Project("{FAE04EC0-301F-11D3-BF4B-00C04F79EFBC}") = "NCommon.ContainerAdapter.CastleWindsor", "NCommon.ContainerAdapters\NCommon.ContainerAdapter.CastleWindsor\NCommon.ContainerAdapter.CastleWindsor.csproj", "{27A25205-349C-425E-836F-C1EB160DC2C2}"
EndProject
Project("{FAE04EC0-301F-11D3-BF4B-00C04F79EFBC}") = "NCommon.ContainerAdapter.NInject", "NCommon.ContainerAdapters\NCommon.ContainerAdapter.NInject\NCommon.ContainerAdapter.NInject.csproj", "{7D439D38-9B0B-4E6B-A6A4-F37DF7208569}"
EndProject
Project("{FAE04EC0-301F-11D3-BF4B-00C04F79EFBC}") = "NCommon.ContainerAdapter.StructureMap", "NCommon.ContainerAdapters\NCommon.ContainerAdapter.StructureMap\NCommon.ContainerAdapter.StructureMap.csproj", "{6C81E97F-D2F6-4306-AC65-5486F6F0E7B6}"
EndProject
Project("{FAE04EC0-301F-11D3-BF4B-00C04F79EFBC}") = "NCommon.ContainerAdapter.Unity", "NCommon.ContainerAdapters\NCommon.ContainerAdapter.Unity\NCommon.ContainerAdapter.Unity.csproj", "{758EB68B-FE27-4AC8-8098-D4293F1CE4F9}"
EndProject
Project("{2150E333-8FDC-42A3-9474-1A3956D46DE8}") = "NCommon.EntityFramework", "NCommon.EntityFramework", "{D98C3745-D69A-4E00-966D-3C838E4EDBA6}"
EndProject
Project("{2150E333-8FDC-42A3-9474-1A3956D46DE8}") = "NCommon.LinqToSql", "NCommon.LinqToSql", "{6D41BE45-CCC5-49B7-89D5-F7B7996B3E95}"
EndProject
Project("{FAE04EC0-301F-11D3-BF4B-00C04F79EFBC}") = "NCommon.LinqToSql.Tests", "NCommon.LinqToSql\tests\NCommon.LinqToSql.Tests\NCommon.LinqToSql.Tests.csproj", "{E6957BB7-B9C6-414F-A4BD-23E038014A85}"
EndProject
Project("{FAE04EC0-301F-11D3-BF4B-00C04F79EFBC}") = "NCommon.LinqToSql.Tests.OrdersDomain", "NCommon.LinqToSql\tests\NCommon.LinqToSql.Tests.OrdersDomain\NCommon.LinqToSql.Tests.OrdersDomain.csproj", "{447FD5DE-91E4-4E37-BDC4-63FD9E6A1D18}"
EndProject
Project("{FAE04EC0-301F-11D3-BF4B-00C04F79EFBC}") = "NCommon.LinqToSql.Tests.HRDomain", "NCommon.LinqToSql\tests\NCommon.LinqToSql.Tests.HRDomain\NCommon.LinqToSql.Tests.HRDomain.csproj", "{BB86E27C-08D2-4B58-A07B-B72E897DC2F5}"
EndProject
Project("{FAE04EC0-301F-11D3-BF4B-00C04F79EFBC}") = "NCommon.EntityFramework.Tests", "NCommon.EntityFramework\tests\NCommon.EntityFramework.Tests\NCommon.EntityFramework.Tests.csproj", "{A4E698A8-8E7F-401D-B0BA-CBA6CA58BBEE}"
EndProject
Project("{FAE04EC0-301F-11D3-BF4B-00C04F79EFBC}") = "NCommon.EntityFramework.Tests.OrdersDomain", "NCommon.EntityFramework\tests\NCommon.EntityFramework.Tests.OrdersDomain\NCommon.EntityFramework.Tests.OrdersDomain.csproj", "{3820B546-9673-493B-B69E-51E7274EF069}"
EndProject
Project("{FAE04EC0-301F-11D3-BF4B-00C04F79EFBC}") = "NCommon.EntityFramework.Tests.HRDomain", "NCommon.EntityFramework\tests\NCommon.EntityFramework.Tests.HRDomain\NCommon.EntityFramework.Tests.HRDomain.csproj", "{420EF34B-811B-48BD-9E2C-2E7A8DAA291F}"
EndProject
Global
	GlobalSection(SolutionConfigurationPlatforms) = preSolution
		Debug|Any CPU = Debug|Any CPU
		Release|Any CPU = Release|Any CPU
	EndGlobalSection
	GlobalSection(ProjectConfigurationPlatforms) = postSolution
		{C853736D-3576-468A-A716-ACEC1CD4FAC1}.Debug|Any CPU.ActiveCfg = Debug|Any CPU
		{C853736D-3576-468A-A716-ACEC1CD4FAC1}.Debug|Any CPU.Build.0 = Debug|Any CPU
		{C853736D-3576-468A-A716-ACEC1CD4FAC1}.Release|Any CPU.ActiveCfg = Release|Any CPU
		{C853736D-3576-468A-A716-ACEC1CD4FAC1}.Release|Any CPU.Build.0 = Release|Any CPU
		{98FB0800-6605-4FD9-9948-36D11C744881}.Debug|Any CPU.ActiveCfg = Debug|Any CPU
		{98FB0800-6605-4FD9-9948-36D11C744881}.Debug|Any CPU.Build.0 = Debug|Any CPU
		{98FB0800-6605-4FD9-9948-36D11C744881}.Release|Any CPU.ActiveCfg = Release|Any CPU
		{98FB0800-6605-4FD9-9948-36D11C744881}.Release|Any CPU.Build.0 = Release|Any CPU
		{2781A661-3EA8-4917-B043-F3193FB0F7C8}.Debug|Any CPU.ActiveCfg = Debug|Any CPU
		{2781A661-3EA8-4917-B043-F3193FB0F7C8}.Debug|Any CPU.Build.0 = Debug|Any CPU
		{2781A661-3EA8-4917-B043-F3193FB0F7C8}.Release|Any CPU.ActiveCfg = Release|Any CPU
		{2781A661-3EA8-4917-B043-F3193FB0F7C8}.Release|Any CPU.Build.0 = Release|Any CPU
		{01A6D2F9-C34E-4D87-BE7A-4F36A78BED66}.Debug|Any CPU.ActiveCfg = Debug|Any CPU
		{01A6D2F9-C34E-4D87-BE7A-4F36A78BED66}.Debug|Any CPU.Build.0 = Debug|Any CPU
		{01A6D2F9-C34E-4D87-BE7A-4F36A78BED66}.Release|Any CPU.ActiveCfg = Release|Any CPU
		{01A6D2F9-C34E-4D87-BE7A-4F36A78BED66}.Release|Any CPU.Build.0 = Release|Any CPU
		{0F54234D-745A-46F3-B813-ED99C1498633}.Debug|Any CPU.ActiveCfg = Debug|Any CPU
		{0F54234D-745A-46F3-B813-ED99C1498633}.Debug|Any CPU.Build.0 = Debug|Any CPU
		{0F54234D-745A-46F3-B813-ED99C1498633}.Release|Any CPU.ActiveCfg = Release|Any CPU
		{0F54234D-745A-46F3-B813-ED99C1498633}.Release|Any CPU.Build.0 = Release|Any CPU
		{715AB4B8-0F34-4AA0-B842-BCF2A4270B5F}.Debug|Any CPU.ActiveCfg = Debug|Any CPU
		{715AB4B8-0F34-4AA0-B842-BCF2A4270B5F}.Debug|Any CPU.Build.0 = Debug|Any CPU
		{715AB4B8-0F34-4AA0-B842-BCF2A4270B5F}.Release|Any CPU.ActiveCfg = Release|Any CPU
		{715AB4B8-0F34-4AA0-B842-BCF2A4270B5F}.Release|Any CPU.Build.0 = Release|Any CPU
		{7B0486B6-74A0-48FD-B27C-E6704D4F739F}.Debug|Any CPU.ActiveCfg = Debug|Any CPU
		{7B0486B6-74A0-48FD-B27C-E6704D4F739F}.Debug|Any CPU.Build.0 = Debug|Any CPU
		{7B0486B6-74A0-48FD-B27C-E6704D4F739F}.Release|Any CPU.ActiveCfg = Release|Any CPU
		{7B0486B6-74A0-48FD-B27C-E6704D4F739F}.Release|Any CPU.Build.0 = Release|Any CPU
		{96B9D9DE-3389-4FBF-A552-C09434E27329}.Debug|Any CPU.ActiveCfg = Debug|Any CPU
		{96B9D9DE-3389-4FBF-A552-C09434E27329}.Debug|Any CPU.Build.0 = Debug|Any CPU
		{96B9D9DE-3389-4FBF-A552-C09434E27329}.Release|Any CPU.ActiveCfg = Release|Any CPU
		{96B9D9DE-3389-4FBF-A552-C09434E27329}.Release|Any CPU.Build.0 = Release|Any CPU
		{6FE3005E-FFA1-4DE7-BC47-995D53CFB9CB}.Debug|Any CPU.ActiveCfg = Debug|Any CPU
		{6FE3005E-FFA1-4DE7-BC47-995D53CFB9CB}.Debug|Any CPU.Build.0 = Debug|Any CPU
		{6FE3005E-FFA1-4DE7-BC47-995D53CFB9CB}.Release|Any CPU.ActiveCfg = Release|Any CPU
		{6FE3005E-FFA1-4DE7-BC47-995D53CFB9CB}.Release|Any CPU.Build.0 = Release|Any CPU
		{0CB980C0-269C-4A52-9E15-1226B343AD5E}.Debug|Any CPU.ActiveCfg = Debug|Any CPU
		{0CB980C0-269C-4A52-9E15-1226B343AD5E}.Debug|Any CPU.Build.0 = Debug|Any CPU
		{0CB980C0-269C-4A52-9E15-1226B343AD5E}.Release|Any CPU.ActiveCfg = Release|Any CPU
		{0CB980C0-269C-4A52-9E15-1226B343AD5E}.Release|Any CPU.Build.0 = Release|Any CPU
		{27A25205-349C-425E-836F-C1EB160DC2C2}.Debug|Any CPU.ActiveCfg = Debug|Any CPU
		{27A25205-349C-425E-836F-C1EB160DC2C2}.Debug|Any CPU.Build.0 = Debug|Any CPU
		{27A25205-349C-425E-836F-C1EB160DC2C2}.Release|Any CPU.ActiveCfg = Release|Any CPU
		{27A25205-349C-425E-836F-C1EB160DC2C2}.Release|Any CPU.Build.0 = Release|Any CPU
		{7D439D38-9B0B-4E6B-A6A4-F37DF7208569}.Debug|Any CPU.ActiveCfg = Debug|Any CPU
		{7D439D38-9B0B-4E6B-A6A4-F37DF7208569}.Debug|Any CPU.Build.0 = Debug|Any CPU
		{7D439D38-9B0B-4E6B-A6A4-F37DF7208569}.Release|Any CPU.ActiveCfg = Release|Any CPU
		{7D439D38-9B0B-4E6B-A6A4-F37DF7208569}.Release|Any CPU.Build.0 = Release|Any CPU
		{6C81E97F-D2F6-4306-AC65-5486F6F0E7B6}.Debug|Any CPU.ActiveCfg = Debug|Any CPU
		{6C81E97F-D2F6-4306-AC65-5486F6F0E7B6}.Debug|Any CPU.Build.0 = Debug|Any CPU
		{6C81E97F-D2F6-4306-AC65-5486F6F0E7B6}.Release|Any CPU.ActiveCfg = Release|Any CPU
		{6C81E97F-D2F6-4306-AC65-5486F6F0E7B6}.Release|Any CPU.Build.0 = Release|Any CPU
		{758EB68B-FE27-4AC8-8098-D4293F1CE4F9}.Debug|Any CPU.ActiveCfg = Debug|Any CPU
		{758EB68B-FE27-4AC8-8098-D4293F1CE4F9}.Debug|Any CPU.Build.0 = Debug|Any CPU
		{758EB68B-FE27-4AC8-8098-D4293F1CE4F9}.Release|Any CPU.ActiveCfg = Release|Any CPU
		{758EB68B-FE27-4AC8-8098-D4293F1CE4F9}.Release|Any CPU.Build.0 = Release|Any CPU
		{E6957BB7-B9C6-414F-A4BD-23E038014A85}.Debug|Any CPU.ActiveCfg = Debug|Any CPU
		{E6957BB7-B9C6-414F-A4BD-23E038014A85}.Debug|Any CPU.Build.0 = Debug|Any CPU
		{E6957BB7-B9C6-414F-A4BD-23E038014A85}.Release|Any CPU.ActiveCfg = Release|Any CPU
		{E6957BB7-B9C6-414F-A4BD-23E038014A85}.Release|Any CPU.Build.0 = Release|Any CPU
		{447FD5DE-91E4-4E37-BDC4-63FD9E6A1D18}.Debug|Any CPU.ActiveCfg = Debug|Any CPU
		{447FD5DE-91E4-4E37-BDC4-63FD9E6A1D18}.Debug|Any CPU.Build.0 = Debug|Any CPU
		{447FD5DE-91E4-4E37-BDC4-63FD9E6A1D18}.Release|Any CPU.ActiveCfg = Release|Any CPU
		{447FD5DE-91E4-4E37-BDC4-63FD9E6A1D18}.Release|Any CPU.Build.0 = Release|Any CPU
		{BB86E27C-08D2-4B58-A07B-B72E897DC2F5}.Debug|Any CPU.ActiveCfg = Debug|Any CPU
		{BB86E27C-08D2-4B58-A07B-B72E897DC2F5}.Debug|Any CPU.Build.0 = Debug|Any CPU
		{BB86E27C-08D2-4B58-A07B-B72E897DC2F5}.Release|Any CPU.ActiveCfg = Release|Any CPU
		{BB86E27C-08D2-4B58-A07B-B72E897DC2F5}.Release|Any CPU.Build.0 = Release|Any CPU
		{A4E698A8-8E7F-401D-B0BA-CBA6CA58BBEE}.Debug|Any CPU.ActiveCfg = Debug|Any CPU
		{A4E698A8-8E7F-401D-B0BA-CBA6CA58BBEE}.Debug|Any CPU.Build.0 = Debug|Any CPU
		{A4E698A8-8E7F-401D-B0BA-CBA6CA58BBEE}.Release|Any CPU.ActiveCfg = Release|Any CPU
		{A4E698A8-8E7F-401D-B0BA-CBA6CA58BBEE}.Release|Any CPU.Build.0 = Release|Any CPU
		{3820B546-9673-493B-B69E-51E7274EF069}.Debug|Any CPU.ActiveCfg = Debug|Any CPU
		{3820B546-9673-493B-B69E-51E7274EF069}.Debug|Any CPU.Build.0 = Debug|Any CPU
		{3820B546-9673-493B-B69E-51E7274EF069}.Release|Any CPU.ActiveCfg = Release|Any CPU
		{3820B546-9673-493B-B69E-51E7274EF069}.Release|Any CPU.Build.0 = Release|Any CPU
		{420EF34B-811B-48BD-9E2C-2E7A8DAA291F}.Debug|Any CPU.ActiveCfg = Debug|Any CPU
		{420EF34B-811B-48BD-9E2C-2E7A8DAA291F}.Debug|Any CPU.Build.0 = Debug|Any CPU
		{420EF34B-811B-48BD-9E2C-2E7A8DAA291F}.Release|Any CPU.ActiveCfg = Release|Any CPU
		{420EF34B-811B-48BD-9E2C-2E7A8DAA291F}.Release|Any CPU.Build.0 = Release|Any CPU
	EndGlobalSection
	GlobalSection(SolutionProperties) = preSolution
		HideSolutionNode = FALSE
	EndGlobalSection
	GlobalSection(NestedProjects) = preSolution
		{3A03BA71-D17C-400A-8147-B5A3A97CC2F1} = {7B17ACFF-BF87-47C8-8D2C-6E6100699F00}
		{0F54234D-745A-46F3-B813-ED99C1498633} = {7B17ACFF-BF87-47C8-8D2C-6E6100699F00}
		{D98C3745-D69A-4E00-966D-3C838E4EDBA6} = {7B17ACFF-BF87-47C8-8D2C-6E6100699F00}
		{7B0486B6-74A0-48FD-B27C-E6704D4F739F} = {7B17ACFF-BF87-47C8-8D2C-6E6100699F00}
		{A058C18F-CC45-4576-85D6-BC051A90CF6A} = {7B17ACFF-BF87-47C8-8D2C-6E6100699F00}
		{6D41BE45-CCC5-49B7-89D5-F7B7996B3E95} = {7B17ACFF-BF87-47C8-8D2C-6E6100699F00}
		{C853736D-3576-468A-A716-ACEC1CD4FAC1} = {30523764-A7D9-4037-9DA5-7355C56C2761}
		{98FB0800-6605-4FD9-9948-36D11C744881} = {30523764-A7D9-4037-9DA5-7355C56C2761}
		{2781A661-3EA8-4917-B043-F3193FB0F7C8} = {30523764-A7D9-4037-9DA5-7355C56C2761}
		{01A6D2F9-C34E-4D87-BE7A-4F36A78BED66} = {30523764-A7D9-4037-9DA5-7355C56C2761}
		{715AB4B8-0F34-4AA0-B842-BCF2A4270B5F} = {30523764-A7D9-4037-9DA5-7355C56C2761}
		{DA9D4F8A-A031-4DB8-9039-33FEDE673DC4} = {30523764-A7D9-4037-9DA5-7355C56C2761}
		{A4E698A8-8E7F-401D-B0BA-CBA6CA58BBEE} = {D98C3745-D69A-4E00-966D-3C838E4EDBA6}
		{3820B546-9673-493B-B69E-51E7274EF069} = {D98C3745-D69A-4E00-966D-3C838E4EDBA6}
		{420EF34B-811B-48BD-9E2C-2E7A8DAA291F} = {D98C3745-D69A-4E00-966D-3C838E4EDBA6}
		{96B9D9DE-3389-4FBF-A552-C09434E27329} = {A058C18F-CC45-4576-85D6-BC051A90CF6A}
		{6FE3005E-FFA1-4DE7-BC47-995D53CFB9CB} = {A058C18F-CC45-4576-85D6-BC051A90CF6A}
		{0CB980C0-269C-4A52-9E15-1226B343AD5E} = {A058C18F-CC45-4576-85D6-BC051A90CF6A}
		{27A25205-349C-425E-836F-C1EB160DC2C2} = {DA9D4F8A-A031-4DB8-9039-33FEDE673DC4}
		{7D439D38-9B0B-4E6B-A6A4-F37DF7208569} = {DA9D4F8A-A031-4DB8-9039-33FEDE673DC4}
		{6C81E97F-D2F6-4306-AC65-5486F6F0E7B6} = {DA9D4F8A-A031-4DB8-9039-33FEDE673DC4}
		{758EB68B-FE27-4AC8-8098-D4293F1CE4F9} = {DA9D4F8A-A031-4DB8-9039-33FEDE673DC4}
		{E6957BB7-B9C6-414F-A4BD-23E038014A85} = {6D41BE45-CCC5-49B7-89D5-F7B7996B3E95}
		{447FD5DE-91E4-4E37-BDC4-63FD9E6A1D18} = {6D41BE45-CCC5-49B7-89D5-F7B7996B3E95}
		{BB86E27C-08D2-4B58-A07B-B72E897DC2F5} = {6D41BE45-CCC5-49B7-89D5-F7B7996B3E95}
	EndGlobalSection
	GlobalSection(ExtensibilityGlobals) = postSolution
		VisualSVNWorkingCopyRoot = .
	EndGlobalSection
EndGlobal
