
Microsoft Visual Studio Solution File, Format Version 10.00
# Visual Studio 2008
Project("{2150E333-8FDC-42A3-9474-1A3956D46DE8}") = "DB Scripts", "DB Scripts", "{3A03BA71-D17C-400A-8147-B5A3A97CC2F1}"
	ProjectSection(SolutionItems) = preProject
		TestDB.sql = TestDB.sql
	EndProjectSection
EndProject
Project("{FAE04EC0-301F-11D3-BF4B-00C04F79EFBC}") = "NCommon", "NCommon\src\NCommon.csproj", "{C853736D-3576-468A-A716-ACEC1CD4FAC1}"
EndProject
Project("{FAE04EC0-301F-11D3-BF4B-00C04F79EFBC}") = "NCommon.EntityFramework", "NCommon.EntityFramework\src\NCommon.EntityFramework.csproj", "{98FB0800-6605-4FD9-9948-36D11C744881}"
EndProject
Project("{2150E333-8FDC-42A3-9474-1A3956D46DE8}") = "src", "src", "{30523764-A7D9-4037-9DA5-7355C56C2761}"
EndProject
Project("{2150E333-8FDC-42A3-9474-1A3956D46DE8}") = "tests", "tests", "{7B17ACFF-BF87-47C8-8D2C-6E6100699F00}"
EndProject
Project("{FAE04EC0-301F-11D3-BF4B-00C04F79EFBC}") = "NCommon.LinqToSql", "NCommon.LinqToSql\src\NCommon.LinqToSql.csproj", "{2781A661-3EA8-4917-B043-F3193FB0F7C8}"
EndProject
Project("{FAE04EC0-301F-11D3-BF4B-00C04F79EFBC}") = "NCommon.NHibernate", "NCommon.NHibernate\src\NCommon.NHibernate.csproj", "{01A6D2F9-C34E-4D87-BE7A-4F36A78BED66}"
EndProject
Project("{FAE04EC0-301F-11D3-BF4B-00C04F79EFBC}") = "NCommon.Tests", "NCommon\tests\NCommon.Tests.csproj", "{0F54234D-745A-46F3-B813-ED99C1498633}"
EndProject
Project("{FAE04EC0-301F-11D3-BF4B-00C04F79EFBC}") = "NCommon.EntityFramework.Tests", "NCommon.EntityFramework\tests\NCommon.EntityFramework.Tests.csproj", "{A4E698A8-8E7F-401D-B0BA-CBA6CA58BBEE}"
EndProject
Project("{FAE04EC0-301F-11D3-BF4B-00C04F79EFBC}") = "NCommon.LinqToSql.Tests", "NCommon.LinqToSql\tests\NCommon.LinqToSql.Tests.csproj", "{E6957BB7-B9C6-414F-A4BD-23E038014A85}"
EndProject
Project("{FAE04EC0-301F-11D3-BF4B-00C04F79EFBC}") = "NCommon.NHibernate.Tests", "NCommon.NHibernate\tests\NCommon.NHibernate.Tests.csproj", "{96B9D9DE-3389-4FBF-A552-C09434E27329}"
EndProject
Project("{2150E333-8FDC-42A3-9474-1A3956D46DE8}") = "Solution Items", "Solution Items", "{BA1AA1F9-24F4-4734-A811-D54B7A7DCE13}"
	ProjectSection(SolutionItems) = preProject
		ncommon.snk = ncommon.snk
	EndProjectSection
EndProject
Project("{FAE04EC0-301F-11D3-BF4B-00C04F79EFBC}") = "NCommon.Db4o", "NCommon.Db4o\src\NCommon.Db4o.csproj", "{715AB4B8-0F34-4AA0-B842-BCF2A4270B5F}"
EndProject
Project("{FAE04EC0-301F-11D3-BF4B-00C04F79EFBC}") = "NCommon.Db4o.Tests", "NCommon.Db4o.Tests\NCommon.Db4o.Tests.csproj", "{7B0486B6-74A0-48FD-B27C-E6704D4F739F}"
EndProject
Global
	GlobalSection(SolutionConfigurationPlatforms) = preSolution
		Debug|Any CPU = Debug|Any CPU
		Release|Any CPU = Release|Any CPU
	EndGlobalSection
	GlobalSection(ProjectConfigurationPlatforms) = postSolution
		{C853736D-3576-468A-A716-ACEC1CD4FAC1}.Debug|Any CPU.ActiveCfg = Debug|Any CPU
		{C853736D-3576-468A-A716-ACEC1CD4FAC1}.Debug|Any CPU.Build.0 = Debug|Any CPU
		{C853736D-3576-468A-A716-ACEC1CD4FAC1}.Release|Any CPU.ActiveCfg = Release|Any CPU
		{C853736D-3576-468A-A716-ACEC1CD4FAC1}.Release|Any CPU.Build.0 = Release|Any CPU
		{98FB0800-6605-4FD9-9948-36D11C744881}.Debug|Any CPU.ActiveCfg = Debug|Any CPU
		{98FB0800-6605-4FD9-9948-36D11C744881}.Debug|Any CPU.Build.0 = Debug|Any CPU
		{98FB0800-6605-4FD9-9948-36D11C744881}.Release|Any CPU.ActiveCfg = Release|Any CPU
		{98FB0800-6605-4FD9-9948-36D11C744881}.Release|Any CPU.Build.0 = Release|Any CPU
		{2781A661-3EA8-4917-B043-F3193FB0F7C8}.Debug|Any CPU.ActiveCfg = Debug|Any CPU
		{2781A661-3EA8-4917-B043-F3193FB0F7C8}.Debug|Any CPU.Build.0 = Debug|Any CPU
		{2781A661-3EA8-4917-B043-F3193FB0F7C8}.Release|Any CPU.ActiveCfg = Release|Any CPU
		{2781A661-3EA8-4917-B043-F3193FB0F7C8}.Release|Any CPU.Build.0 = Release|Any CPU
		{01A6D2F9-C34E-4D87-BE7A-4F36A78BED66}.Debug|Any CPU.ActiveCfg = Debug|Any CPU
		{01A6D2F9-C34E-4D87-BE7A-4F36A78BED66}.Debug|Any CPU.Build.0 = Debug|Any CPU
		{01A6D2F9-C34E-4D87-BE7A-4F36A78BED66}.Release|Any CPU.ActiveCfg = Release|Any CPU
		{01A6D2F9-C34E-4D87-BE7A-4F36A78BED66}.Release|Any CPU.Build.0 = Release|Any CPU
		{0F54234D-745A-46F3-B813-ED99C1498633}.Debug|Any CPU.ActiveCfg = Debug|Any CPU
		{0F54234D-745A-46F3-B813-ED99C1498633}.Debug|Any CPU.Build.0 = Debug|Any CPU
		{0F54234D-745A-46F3-B813-ED99C1498633}.Release|Any CPU.ActiveCfg = Release|Any CPU
		{0F54234D-745A-46F3-B813-ED99C1498633}.Release|Any CPU.Build.0 = Release|Any CPU
		{A4E698A8-8E7F-401D-B0BA-CBA6CA58BBEE}.Debug|Any CPU.ActiveCfg = Debug|Any CPU
		{A4E698A8-8E7F-401D-B0BA-CBA6CA58BBEE}.Debug|Any CPU.Build.0 = Debug|Any CPU
		{A4E698A8-8E7F-401D-B0BA-CBA6CA58BBEE}.Release|Any CPU.ActiveCfg = Release|Any CPU
		{A4E698A8-8E7F-401D-B0BA-CBA6CA58BBEE}.Release|Any CPU.Build.0 = Release|Any CPU
		{E6957BB7-B9C6-414F-A4BD-23E038014A85}.Debug|Any CPU.ActiveCfg = Debug|Any CPU
		{E6957BB7-B9C6-414F-A4BD-23E038014A85}.Debug|Any CPU.Build.0 = Debug|Any CPU
		{E6957BB7-B9C6-414F-A4BD-23E038014A85}.Release|Any CPU.ActiveCfg = Release|Any CPU
		{E6957BB7-B9C6-414F-A4BD-23E038014A85}.Release|Any CPU.Build.0 = Release|Any CPU
		{96B9D9DE-3389-4FBF-A552-C09434E27329}.Debug|Any CPU.ActiveCfg = Debug|Any CPU
		{96B9D9DE-3389-4FBF-A552-C09434E27329}.Debug|Any CPU.Build.0 = Debug|Any CPU
		{96B9D9DE-3389-4FBF-A552-C09434E27329}.Release|Any CPU.ActiveCfg = Release|Any CPU
		{96B9D9DE-3389-4FBF-A552-C09434E27329}.Release|Any CPU.Build.0 = Release|Any CPU
		{715AB4B8-0F34-4AA0-B842-BCF2A4270B5F}.Debug|Any CPU.ActiveCfg = Debug|Any CPU
		{715AB4B8-0F34-4AA0-B842-BCF2A4270B5F}.Debug|Any CPU.Build.0 = Debug|Any CPU
		{715AB4B8-0F34-4AA0-B842-BCF2A4270B5F}.Release|Any CPU.ActiveCfg = Release|Any CPU
		{715AB4B8-0F34-4AA0-B842-BCF2A4270B5F}.Release|Any CPU.Build.0 = Release|Any CPU
		{7B0486B6-74A0-48FD-B27C-E6704D4F739F}.Debug|Any CPU.ActiveCfg = Debug|Any CPU
		{7B0486B6-74A0-48FD-B27C-E6704D4F739F}.Debug|Any CPU.Build.0 = Debug|Any CPU
		{7B0486B6-74A0-48FD-B27C-E6704D4F739F}.Release|Any CPU.ActiveCfg = Release|Any CPU
		{7B0486B6-74A0-48FD-B27C-E6704D4F739F}.Release|Any CPU.Build.0 = Release|Any CPU
	EndGlobalSection
	GlobalSection(SolutionProperties) = preSolution
		HideSolutionNode = FALSE
	EndGlobalSection
	GlobalSection(NestedProjects) = preSolution
		{3A03BA71-D17C-400A-8147-B5A3A97CC2F1} = {7B17ACFF-BF87-47C8-8D2C-6E6100699F00}
		{0F54234D-745A-46F3-B813-ED99C1498633} = {7B17ACFF-BF87-47C8-8D2C-6E6100699F00}
		{A4E698A8-8E7F-401D-B0BA-CBA6CA58BBEE} = {7B17ACFF-BF87-47C8-8D2C-6E6100699F00}
		{E6957BB7-B9C6-414F-A4BD-23E038014A85} = {7B17ACFF-BF87-47C8-8D2C-6E6100699F00}
		{96B9D9DE-3389-4FBF-A552-C09434E27329} = {7B17ACFF-BF87-47C8-8D2C-6E6100699F00}
		{7B0486B6-74A0-48FD-B27C-E6704D4F739F} = {7B17ACFF-BF87-47C8-8D2C-6E6100699F00}
		{98FB0800-6605-4FD9-9948-36D11C744881} = {30523764-A7D9-4037-9DA5-7355C56C2761}
		{C853736D-3576-468A-A716-ACEC1CD4FAC1} = {30523764-A7D9-4037-9DA5-7355C56C2761}
		{2781A661-3EA8-4917-B043-F3193FB0F7C8} = {30523764-A7D9-4037-9DA5-7355C56C2761}
		{01A6D2F9-C34E-4D87-BE7A-4F36A78BED66} = {30523764-A7D9-4037-9DA5-7355C56C2761}
		{715AB4B8-0F34-4AA0-B842-BCF2A4270B5F} = {30523764-A7D9-4037-9DA5-7355C56C2761}
	EndGlobalSection
	GlobalSection(ExtensibilityGlobals) = postSolution
		VisualSVNWorkingCopyRoot = .
	EndGlobalSection
EndGlobal
